{
  "version": 4,
  "terraform_version": "0.13.4",
  "serial": 31,
  "lineage": "a7662bca-fa78-b1c4-429f-e48f336da72c",
  "outputs": {
    "ID_Of_ResourceGroup": {
      "value": "/subscriptions/7487b913-02eb-4db5-b16f-51425208393e/resourceGroups/VAR_RG",
      "type": "string"
    },
    "Name_Of_ResourceGroup": {
      "value": "VAR_RG",
      "type": "string"
    }
  },
  "resources": [
    {
      "mode": "managed",
      "type": "azurerm_resource_group",
      "name": "TestRG",
      "provider": "provider[\"registry.terraform.io/hashicorp/azurerm\"]",
      "instances": [
        {
          "schema_version": 0,
          "attributes": {
            "id": "/subscriptions/7487b913-02eb-4db5-b16f-51425208393e/resourceGroups/VAR_RG",
            "location": "westeurope",
            "name": "VAR_RG",
            "tags": null,
            "timeouts": null
          },
          "private": "eyJlMmJmYjczMC1lY2FhLTExZTYtOGY4OC0zNDM2M2JjN2M0YzAiOnsiY3JlYXRlIjo1NDAwMDAwMDAwMDAwLCJkZWxldGUiOjU0MDAwMDAwMDAwMDAsInJlYWQiOjMwMDAwMDAwMDAwMCwidXBkYXRlIjo1NDAwMDAwMDAwMDAwfX0="
        }
      ]
    },
    {
      "mode": "managed",
      "type": "azurerm_storage_account",
      "name": "tststrg",
      "provider": "provider[\"registry.terraform.io/hashicorp/azurerm\"]",
      "instances": [
        {
          "schema_version": 2,
          "attributes": {
            "access_tier": "Hot",
            "account_kind": "StorageV2",
            "account_replication_type": "GRS",
            "account_tier": "Standard",
            "allow_blob_public_access": false,
            "blob_properties": [],
            "custom_domain": [],
            "enable_https_traffic_only": true,
            "id": "/subscriptions/7487b913-02eb-4db5-b16f-51425208393e/resourceGroups/VAR_RG/providers/Microsoft.Storage/storageAccounts/tststrg1",
            "identity": [],
            "is_hns_enabled": false,
            "location": "westeurope",
            "name": "tststrg1",
            "network_rules": [
              {
                "bypass": [
                  "AzureServices"
                ],
                "default_action": "Allow",
                "ip_rules": [],
                "virtual_network_subnet_ids": []
              }
            ],
            "primary_access_key": "gyQtilBTuKpzf9DmL3B5mTB7h1hRvB4xucyzdcarZiGEM5rcc3tGzHSOOkJgR3cJRqR2nDHGo51gbkO710g3hQ==",
            "primary_blob_connection_string": "DefaultEndpointsProtocol=https;BlobEndpoint=https://tststrg1.blob.core.windows.net/;AccountName=tststrg1;AccountKey=gyQtilBTuKpzf9DmL3B5mTB7h1hRvB4xucyzdcarZiGEM5rcc3tGzHSOOkJgR3cJRqR2nDHGo51gbkO710g3hQ==",
            "primary_blob_endpoint": "https://tststrg1.blob.core.windows.net/",
            "primary_blob_host": "tststrg1.blob.core.windows.net",
            "primary_connection_string": "DefaultEndpointsProtocol=https;AccountName=tststrg1;AccountKey=gyQtilBTuKpzf9DmL3B5mTB7h1hRvB4xucyzdcarZiGEM5rcc3tGzHSOOkJgR3cJRqR2nDHGo51gbkO710g3hQ==;EndpointSuffix=core.windows.net",
            "primary_dfs_endpoint": "https://tststrg1.dfs.core.windows.net/",
            "primary_dfs_host": "tststrg1.dfs.core.windows.net",
            "primary_file_endpoint": "https://tststrg1.file.core.windows.net/",
            "primary_file_host": "tststrg1.file.core.windows.net",
            "primary_location": "westeurope",
            "primary_queue_endpoint": "https://tststrg1.queue.core.windows.net/",
            "primary_queue_host": "tststrg1.queue.core.windows.net",
            "primary_table_endpoint": "https://tststrg1.table.core.windows.net/",
            "primary_table_host": "tststrg1.table.core.windows.net",
            "primary_web_endpoint": "https://tststrg1.z6.web.core.windows.net/",
            "primary_web_host": "tststrg1.z6.web.core.windows.net",
            "queue_properties": [],
            "resource_group_name": "VAR_RG",
            "secondary_access_key": "kUfexM+hq80DVg6F/WZuESouWAaqWux/MnEL4dCsvPPYjW0S/zYr5dGAXOjBK3GP3IGaRuFmzpQvNfuttWG5Ow==",
            "secondary_blob_connection_string": "",
            "secondary_blob_endpoint": null,
            "secondary_blob_host": null,
            "secondary_connection_string": "DefaultEndpointsProtocol=https;AccountName=tststrg1;AccountKey=kUfexM+hq80DVg6F/WZuESouWAaqWux/MnEL4dCsvPPYjW0S/zYr5dGAXOjBK3GP3IGaRuFmzpQvNfuttWG5Ow==;EndpointSuffix=core.windows.net",
            "secondary_dfs_endpoint": null,
            "secondary_dfs_host": null,
            "secondary_file_endpoint": null,
            "secondary_file_host": null,
            "secondary_location": "northeurope",
            "secondary_queue_endpoint": null,
            "secondary_queue_host": null,
            "secondary_table_endpoint": null,
            "secondary_table_host": null,
            "secondary_web_endpoint": null,
            "secondary_web_host": null,
            "static_website": [],
            "tags": {
              "env": "dev",
              "note": "to_be_deleted",
              "purpose": "poc"
            },
            "timeouts": null
          },
          "private": "eyJlMmJmYjczMC1lY2FhLTExZTYtOGY4OC0zNDM2M2JjN2M0YzAiOnsiY3JlYXRlIjozNjAwMDAwMDAwMDAwLCJkZWxldGUiOjM2MDAwMDAwMDAwMDAsInJlYWQiOjMwMDAwMDAwMDAwMCwidXBkYXRlIjozNjAwMDAwMDAwMDAwfSwic2NoZW1hX3ZlcnNpb24iOiIyIn0=",
          "dependencies": [
            "azurerm_resource_group.TestRG"
          ]
        }
      ]
    },
    {
      "mode": "managed",
      "type": "azurerm_storage_container",
      "name": "tstcont",
      "provider": "provider[\"registry.terraform.io/hashicorp/azurerm\"]",
      "instances": [
        {
          "index_key": 0,
          "schema_version": 1,
          "attributes": {
            "container_access_type": "private",
            "has_immutability_policy": false,
            "has_legal_hold": false,
            "id": "https://tststrg1.blob.core.windows.net/testcntr0",
            "metadata": {},
            "name": "testcntr0",
            "resource_manager_id": "/subscriptions/7487b913-02eb-4db5-b16f-51425208393e/resourceGroups/VAR_RG/providers/Microsoft.Storage/storageAccounts/tststrg1/blobServices/default/containers/testcntr0",
            "storage_account_name": "tststrg1",
            "timeouts": null
          },
          "private": "eyJlMmJmYjczMC1lY2FhLTExZTYtOGY4OC0zNDM2M2JjN2M0YzAiOnsiY3JlYXRlIjoxODAwMDAwMDAwMDAwLCJkZWxldGUiOjE4MDAwMDAwMDAwMDAsInJlYWQiOjMwMDAwMDAwMDAwMCwidXBkYXRlIjoxODAwMDAwMDAwMDAwfSwic2NoZW1hX3ZlcnNpb24iOiIxIn0=",
          "dependencies": [
            "azurerm_resource_group.TestRG",
            "azurerm_storage_account.tststrg"
          ]
        },
        {
          "index_key": 1,
          "schema_version": 1,
          "attributes": {
            "container_access_type": "private",
            "has_immutability_policy": false,
            "has_legal_hold": false,
            "id": "https://tststrg1.blob.core.windows.net/testcntr1",
            "metadata": {},
            "name": "testcntr1",
            "resource_manager_id": "/subscriptions/7487b913-02eb-4db5-b16f-51425208393e/resourceGroups/VAR_RG/providers/Microsoft.Storage/storageAccounts/tststrg1/blobServices/default/containers/testcntr1",
            "storage_account_name": "tststrg1",
            "timeouts": null
          },
          "private": "eyJlMmJmYjczMC1lY2FhLTExZTYtOGY4OC0zNDM2M2JjN2M0YzAiOnsiY3JlYXRlIjoxODAwMDAwMDAwMDAwLCJkZWxldGUiOjE4MDAwMDAwMDAwMDAsInJlYWQiOjMwMDAwMDAwMDAwMCwidXBkYXRlIjoxODAwMDAwMDAwMDAwfSwic2NoZW1hX3ZlcnNpb24iOiIxIn0=",
          "dependencies": [
            "azurerm_resource_group.TestRG",
            "azurerm_storage_account.tststrg"
          ]
        },
        {
          "index_key": 2,
          "schema_version": 1,
          "attributes": {
            "container_access_type": "private",
            "has_immutability_policy": false,
            "has_legal_hold": false,
            "id": "https://tststrg1.blob.core.windows.net/testcntr2",
            "metadata": {},
            "name": "testcntr2",
            "resource_manager_id": "/subscriptions/7487b913-02eb-4db5-b16f-51425208393e/resourceGroups/VAR_RG/providers/Microsoft.Storage/storageAccounts/tststrg1/blobServices/default/containers/testcntr2",
            "storage_account_name": "tststrg1",
            "timeouts": null
          },
          "private": "eyJlMmJmYjczMC1lY2FhLTExZTYtOGY4OC0zNDM2M2JjN2M0YzAiOnsiY3JlYXRlIjoxODAwMDAwMDAwMDAwLCJkZWxldGUiOjE4MDAwMDAwMDAwMDAsInJlYWQiOjMwMDAwMDAwMDAwMCwidXBkYXRlIjoxODAwMDAwMDAwMDAwfSwic2NoZW1hX3ZlcnNpb24iOiIxIn0=",
          "dependencies": [
            "azurerm_resource_group.TestRG",
            "azurerm_storage_account.tststrg"
          ]
        },
        {
          "index_key": 3,
          "schema_version": 1,
          "attributes": {
            "container_access_type": "private",
            "has_immutability_policy": false,
            "has_legal_hold": false,
            "id": "https://tststrg1.blob.core.windows.net/testcntr3",
            "metadata": {},
            "name": "testcntr3",
            "resource_manager_id": "/subscriptions/7487b913-02eb-4db5-b16f-51425208393e/resourceGroups/VAR_RG/providers/Microsoft.Storage/storageAccounts/tststrg1/blobServices/default/containers/testcntr3",
            "storage_account_name": "tststrg1",
            "timeouts": null
          },
          "private": "eyJlMmJmYjczMC1lY2FhLTExZTYtOGY4OC0zNDM2M2JjN2M0YzAiOnsiY3JlYXRlIjoxODAwMDAwMDAwMDAwLCJkZWxldGUiOjE4MDAwMDAwMDAwMDAsInJlYWQiOjMwMDAwMDAwMDAwMCwidXBkYXRlIjoxODAwMDAwMDAwMDAwfSwic2NoZW1hX3ZlcnNpb24iOiIxIn0=",
          "dependencies": [
            "azurerm_resource_group.TestRG",
            "azurerm_storage_account.tststrg"
          ]
        }
      ]
    }
  ]
}
